
Microsoft Visual Studio Solution File, Format Version 12.00
# Visual Studio Version 17
VisualStudioVersion = 17.9.34607.119
MinimumVisualStudioVersion = 10.0.40219.1
Project("{FAE04EC0-301F-11D3-BF4B-00C04F79EFBC}") = "STAGE_2", "STAGE_2\STAGE_2.csproj", "{693CAB2F-33F3-4CFC-97CB-26DF14FF97E6}"
EndProject
Global
	GlobalSection(SolutionConfigurationPlatforms) = preSolution
		Debug|Any CPU = Debug|Any CPU
		Release|Any CPU = Release|Any CPU
	EndGlobalSection
	GlobalSection(ProjectConfigurationPlatforms) = postSolution
		{693CAB2F-33F3-4CFC-97CB-26DF14FF97E6}.Debug|Any CPU.ActiveCfg = Debug|Any CPU
		{693CAB2F-33F3-4CFC-97CB-26DF14FF97E6}.Debug|Any CPU.Build.0 = Debug|Any CPU
		{693CAB2F-33F3-4CFC-97CB-26DF14FF97E6}.Release|Any CPU.ActiveCfg = Release|Any CPU
		{693CAB2F-33F3-4CFC-97CB-26DF14FF97E6}.Release|Any CPU.Build.0 = Release|Any CPU
	EndGlobalSection
	GlobalSection(SolutionProperties) = preSolution
		HideSolutionNode = FALSE
	EndGlobalSection
	GlobalSection(ExtensibilityGlobals) = postSolution
		SolutionGuid = {AC58D617-6B34-4C9D-B51D-3E55E7CC63FB}
	EndGlobalSection
EndGlobal
